
Microsoft Visual Studio Solution File, Format Version 12.00
Project("{FAE04EC0-301F-11D3-BF4B-00C04F79EFBC}") = "Domain", "Domain\Domain.csproj", "{8AABC6CE-2B62-4E86-9F2D-9A7A59A6CC63}"
EndProject
Global
	GlobalSection(SolutionConfigurationPlatforms) = preSolution
		Debug|Any CPU = Debug|Any CPU
		Release|Any CPU = Release|Any CPU
	EndGlobalSection
	GlobalSection(ProjectConfigurationPlatforms) = postSolution
		{8AABC6CE-2B62-4E86-9F2D-9A7A59A6CC63}.Debug|Any CPU.ActiveCfg = Debug|Any CPU
		{8AABC6CE-2B62-4E86-9F2D-9A7A59A6CC63}.Debug|Any CPU.Build.0 = Debug|Any CPU
		{8AABC6CE-2B62-4E86-9F2D-9A7A59A6CC63}.Release|Any CPU.ActiveCfg = Release|Any CPU
		{8AABC6CE-2B62-4E86-9F2D-9A7A59A6CC63}.Release|Any CPU.Build.0 = Release|Any CPU
	EndGlobalSection
EndGlobal
